// !$*UTF8*$!
{
	archiveVersion = 1;
	classes = {
	};
	objectVersion = 46;
	objects = {

/* Begin PBXBuildFile section */
		6003F58E195388D20070C39A /* Foundation.framework in Frameworks */ = {isa = PBXBuildFile; fileRef = 6003F58D195388D20070C39A /* Foundation.framework */; };
		6003F590195388D20070C39A /* CoreGraphics.framework in Frameworks */ = {isa = PBXBuildFile; fileRef = 6003F58F195388D20070C39A /* CoreGraphics.framework */; };
		6003F592195388D20070C39A /* UIKit.framework in Frameworks */ = {isa = PBXBuildFile; fileRef = 6003F591195388D20070C39A /* UIKit.framework */; };
		6003F598195388D20070C39A /* InfoPlist.strings in Resources */ = {isa = PBXBuildFile; fileRef = 6003F596195388D20070C39A /* InfoPlist.strings */; };
		6003F59A195388D20070C39A /* main.m in Sources */ = {isa = PBXBuildFile; fileRef = 6003F599195388D20070C39A /* main.m */; };
		6003F59E195388D20070C39A /* OAAppDelegate.m in Sources */ = {isa = PBXBuildFile; fileRef = 6003F59D195388D20070C39A /* OAAppDelegate.m */; };
		6003F5A7195388D20070C39A /* OAViewController.m in Sources */ = {isa = PBXBuildFile; fileRef = 6003F5A6195388D20070C39A /* OAViewController.m */; };
		6003F5A9195388D20070C39A /* Images.xcassets in Resources */ = {isa = PBXBuildFile; fileRef = 6003F5A8195388D20070C39A /* Images.xcassets */; };
		81C7152A3691BD997D5523E3 /* libPods-OADTracerExample.a in Frameworks */ = {isa = PBXBuildFile; fileRef = FD55E7ECA163F41C396AF0A0 /* libPods-OADTracerExample.a */; };
		A7A004041A46386200FC479A /* libPods-Tests.a in Frameworks */ = {isa = PBXBuildFile; fileRef = A7A004031A46386200FC479A /* libPods-Tests.a */; };
		A7A004081A4638DE00FC479A /* OADTracerSpec.m in Sources */ = {isa = PBXBuildFile; fileRef = A7A004071A4638DE00FC479A /* OADTracerSpec.m */; };
		A7A0040B1A4638ED00FC479A /* Pods-OADTracerExampleTests.debug.xcconfig in Resources */ = {isa = PBXBuildFile; fileRef = A7A004091A4638ED00FC479A /* Pods-OADTracerExampleTests.debug.xcconfig */; };
		A7A0040C1A4638ED00FC479A /* Pods-OADTracerExampleTests.release.xcconfig in Resources */ = {isa = PBXBuildFile; fileRef = A7A0040A1A4638ED00FC479A /* Pods-OADTracerExampleTests.release.xcconfig */; };
		A7A0040E1A465A5800FC479A /* Main_iPhone.storyboard in Resources */ = {isa = PBXBuildFile; fileRef = 6003F59F195388D20070C39A /* Main_iPhone.storyboard */; };
		A7A0040F1A465A5C00FC479A /* Main_iPad.storyboard in Resources */ = {isa = PBXBuildFile; fileRef = 6003F5A2195388D20070C39A /* Main_iPad.storyboard */; };
		B98DEF1A69942B1883697874 /* libPods-OADTracerExampleTests.a in Frameworks */ = {isa = PBXBuildFile; fileRef = DBBA1AF721EEFC71EB4DD177 /* libPods-OADTracerExampleTests.a */; };
/* End PBXBuildFile section */

/* Begin PBXContainerItemProxy section */
		A7A003FD1A46382700FC479A /* PBXContainerItemProxy */ = {
			isa = PBXContainerItemProxy;
			containerPortal = 6003F582195388D10070C39A /* Project object */;
			proxyType = 1;
			remoteGlobalIDString = 6003F589195388D20070C39A;
			remoteInfo = OADTracerExample;
		};
/* End PBXContainerItemProxy section */

/* Begin PBXFileReference section */
		1DFEA2D230E886333BF3F9F8 /* libPods-Tests.a */ = {isa = PBXFileReference; explicitFileType = archive.ar; includeInIndex = 0; path = "libPods-Tests.a"; sourceTree = BUILT_PRODUCTS_DIR; };
		544F552E6DDC258A584654B0 /* LICENSE */ = {isa = PBXFileReference; includeInIndex = 1; lastKnownFileType = text; name = LICENSE; path = ../LICENSE; sourceTree = "<group>"; };
		6003F58A195388D20070C39A /* OADTracerExample.app */ = {isa = PBXFileReference; explicitFileType = wrapper.application; includeInIndex = 0; path = OADTracerExample.app; sourceTree = BUILT_PRODUCTS_DIR; };
		6003F58D195388D20070C39A /* Foundation.framework */ = {isa = PBXFileReference; lastKnownFileType = wrapper.framework; name = Foundation.framework; path = System/Library/Frameworks/Foundation.framework; sourceTree = SDKROOT; };
		6003F58F195388D20070C39A /* CoreGraphics.framework */ = {isa = PBXFileReference; lastKnownFileType = wrapper.framework; name = CoreGraphics.framework; path = System/Library/Frameworks/CoreGraphics.framework; sourceTree = SDKROOT; };
		6003F591195388D20070C39A /* UIKit.framework */ = {isa = PBXFileReference; lastKnownFileType = wrapper.framework; name = UIKit.framework; path = System/Library/Frameworks/UIKit.framework; sourceTree = SDKROOT; };
		6003F595195388D20070C39A /* OADTracerExample-Info.plist */ = {isa = PBXFileReference; lastKnownFileType = text.plist.xml; path = "OADTracerExample-Info.plist"; sourceTree = "<group>"; };
		6003F597195388D20070C39A /* en */ = {isa = PBXFileReference; lastKnownFileType = text.plist.strings; name = en; path = en.lproj/InfoPlist.strings; sourceTree = "<group>"; };
		6003F599195388D20070C39A /* main.m */ = {isa = PBXFileReference; lastKnownFileType = sourcecode.c.objc; path = main.m; sourceTree = "<group>"; };
		6003F59B195388D20070C39A /* OADTracerExample-Prefix.pch */ = {isa = PBXFileReference; lastKnownFileType = sourcecode.c.h; path = "OADTracerExample-Prefix.pch"; sourceTree = "<group>"; };
		6003F59C195388D20070C39A /* OAAppDelegate.h */ = {isa = PBXFileReference; lastKnownFileType = sourcecode.c.h; path = OAAppDelegate.h; sourceTree = "<group>"; };
		6003F59D195388D20070C39A /* OAAppDelegate.m */ = {isa = PBXFileReference; lastKnownFileType = sourcecode.c.objc; path = OAAppDelegate.m; sourceTree = "<group>"; };
		6003F5A0195388D20070C39A /* Base */ = {isa = PBXFileReference; lastKnownFileType = file.storyboard; name = Base; path = Base.lproj/Main_iPhone.storyboard; sourceTree = "<group>"; };
		6003F5A3195388D20070C39A /* Base */ = {isa = PBXFileReference; lastKnownFileType = file.storyboard; name = Base; path = Base.lproj/Main_iPad.storyboard; sourceTree = "<group>"; };
		6003F5A5195388D20070C39A /* OAViewController.h */ = {isa = PBXFileReference; lastKnownFileType = sourcecode.c.h; path = OAViewController.h; sourceTree = "<group>"; };
		6003F5A6195388D20070C39A /* OAViewController.m */ = {isa = PBXFileReference; lastKnownFileType = sourcecode.c.objc; path = OAViewController.m; sourceTree = "<group>"; };
		6003F5A8195388D20070C39A /* Images.xcassets */ = {isa = PBXFileReference; lastKnownFileType = folder.assetcatalog; path = Images.xcassets; sourceTree = "<group>"; };
		6003F5AF195388D20070C39A /* XCTest.framework */ = {isa = PBXFileReference; lastKnownFileType = wrapper.framework; name = XCTest.framework; path = Library/Frameworks/XCTest.framework; sourceTree = DEVELOPER_DIR; };
		A7A003EF1A4636C100FC479A /* Pods-OADTracerExample.debug.xcconfig */ = {isa = PBXFileReference; fileEncoding = 4; lastKnownFileType = text.xcconfig; name = "Pods-OADTracerExample.debug.xcconfig"; path = "Pods/Target Support Files/Pods-OADTracerExample/Pods-OADTracerExample.debug.xcconfig"; sourceTree = "<group>"; };
		A7A003F01A4636C100FC479A /* Pods-OADTracerExample.release.xcconfig */ = {isa = PBXFileReference; fileEncoding = 4; lastKnownFileType = text.xcconfig; name = "Pods-OADTracerExample.release.xcconfig"; path = "Pods/Target Support Files/Pods-OADTracerExample/Pods-OADTracerExample.release.xcconfig"; sourceTree = "<group>"; };
		A7A003F71A46382700FC479A /* OADTracerExampleTests.xctest */ = {isa = PBXFileReference; explicitFileType = wrapper.cfbundle; includeInIndex = 0; path = OADTracerExampleTests.xctest; sourceTree = BUILT_PRODUCTS_DIR; };
		A7A003FA1A46382700FC479A /* Info.plist */ = {isa = PBXFileReference; lastKnownFileType = text.plist.xml; path = Info.plist; sourceTree = "<group>"; };
		A7A004031A46386200FC479A /* libPods-Tests.a */ = {isa = PBXFileReference; lastKnownFileType = archive.ar; name = "libPods-Tests.a"; path = "Pods/build/Debug-iphoneos/libPods-Tests.a"; sourceTree = "<group>"; };
		A7A004051A46387800FC479A /* libPods-OADTracerExample.a */ = {isa = PBXFileReference; lastKnownFileType = archive.ar; name = "libPods-OADTracerExample.a"; path = "Pods/build/Debug-iphoneos/libPods-OADTracerExample.a"; sourceTree = "<group>"; };
		A7A004071A4638DE00FC479A /* OADTracerSpec.m */ = {isa = PBXFileReference; fileEncoding = 4; lastKnownFileType = sourcecode.c.objc; path = OADTracerSpec.m; sourceTree = "<group>"; };
		A7A004091A4638ED00FC479A /* Pods-OADTracerExampleTests.debug.xcconfig */ = {isa = PBXFileReference; fileEncoding = 4; lastKnownFileType = text.xcconfig; name = "Pods-OADTracerExampleTests.debug.xcconfig"; path = "Pods/Target Support Files/Pods-OADTracerExampleTests/Pods-OADTracerExampleTests.debug.xcconfig"; sourceTree = "<group>"; };
		A7A0040A1A4638ED00FC479A /* Pods-OADTracerExampleTests.release.xcconfig */ = {isa = PBXFileReference; fileEncoding = 4; lastKnownFileType = text.xcconfig; name = "Pods-OADTracerExampleTests.release.xcconfig"; path = "Pods/Target Support Files/Pods-OADTracerExampleTests/Pods-OADTracerExampleTests.release.xcconfig"; sourceTree = "<group>"; };
		A7A0040D1A463BA200FC479A /* OADTracer.podspec */ = {isa = PBXFileReference; lastKnownFileType = text; name = OADTracer.podspec; path = ../OADTracer.podspec; sourceTree = "<group>"; };
		BFF8DA396CD7FFDC55EF8917 /* libPods-OADTracer.a */ = {isa = PBXFileReference; explicitFileType = archive.ar; includeInIndex = 0; path = "libPods-OADTracer.a"; sourceTree = BUILT_PRODUCTS_DIR; };
		C615E55F0E30A0C50E14AA37 /* libPods-RequestTracer.a */ = {isa = PBXFileReference; explicitFileType = archive.ar; includeInIndex = 0; path = "libPods-RequestTracer.a"; sourceTree = BUILT_PRODUCTS_DIR; };
		DBBA1AF721EEFC71EB4DD177 /* libPods-OADTracerExampleTests.a */ = {isa = PBXFileReference; explicitFileType = archive.ar; includeInIndex = 0; path = "libPods-OADTracerExampleTests.a"; sourceTree = BUILT_PRODUCTS_DIR; };
		E656161FE1561CEFF89E06AA /* README.md */ = {isa = PBXFileReference; includeInIndex = 1; lastKnownFileType = net.daringfireball.markdown; name = README.md; path = ../README.md; sourceTree = "<group>"; };
		FD55E7ECA163F41C396AF0A0 /* libPods-OADTracerExample.a */ = {isa = PBXFileReference; explicitFileType = archive.ar; includeInIndex = 0; path = "libPods-OADTracerExample.a"; sourceTree = BUILT_PRODUCTS_DIR; };
/* End PBXFileReference section */

/* Begin PBXFrameworksBuildPhase section */
		6003F587195388D20070C39A /* Frameworks */ = {
			isa = PBXFrameworksBuildPhase;
			buildActionMask = 2147483647;
			files = (
				6003F590195388D20070C39A /* CoreGraphics.framework in Frameworks */,
				6003F592195388D20070C39A /* UIKit.framework in Frameworks */,
				6003F58E195388D20070C39A /* Foundation.framework in Frameworks */,
				81C7152A3691BD997D5523E3 /* libPods-OADTracerExample.a in Frameworks */,
			);
			runOnlyForDeploymentPostprocessing = 0;
		};
		A7A003F41A46382700FC479A /* Frameworks */ = {
			isa = PBXFrameworksBuildPhase;
			buildActionMask = 2147483647;
			files = (
				A7A004041A46386200FC479A /* libPods-Tests.a in Frameworks */,
				B98DEF1A69942B1883697874 /* libPods-OADTracerExampleTests.a in Frameworks */,
			);
			runOnlyForDeploymentPostprocessing = 0;
		};
/* End PBXFrameworksBuildPhase section */

/* Begin PBXGroup section */
		522604CB9B2A1803DAE2C2B2 /* Pods */ = {
			isa = PBXGroup;
			children = (
				A7A004091A4638ED00FC479A /* Pods-OADTracerExampleTests.debug.xcconfig */,
				A7A0040A1A4638ED00FC479A /* Pods-OADTracerExampleTests.release.xcconfig */,
				A7A003EF1A4636C100FC479A /* Pods-OADTracerExample.debug.xcconfig */,
				A7A003F01A4636C100FC479A /* Pods-OADTracerExample.release.xcconfig */,
			);
			name = Pods;
			sourceTree = "<group>";
		};
		6003F581195388D10070C39A = {
			isa = PBXGroup;
			children = (
				60FF7A9C1954A5C5007DD14C /* Podspec Metadata */,
				6003F593195388D20070C39A /* OADTracer */,
				A7A003F81A46382700FC479A /* OADTracerExampleTests */,
				6003F58C195388D20070C39A /* Frameworks */,
				6003F58B195388D20070C39A /* Products */,
				522604CB9B2A1803DAE2C2B2 /* Pods */,
			);
			sourceTree = "<group>";
		};
		6003F58B195388D20070C39A /* Products */ = {
			isa = PBXGroup;
			children = (
				6003F58A195388D20070C39A /* OADTracerExample.app */,
				A7A003F71A46382700FC479A /* OADTracerExampleTests.xctest */,
			);
			name = Products;
			sourceTree = "<group>";
		};
		6003F58C195388D20070C39A /* Frameworks */ = {
			isa = PBXGroup;
			children = (
				A7A004051A46387800FC479A /* libPods-OADTracerExample.a */,
				A7A004031A46386200FC479A /* libPods-Tests.a */,
				6003F58D195388D20070C39A /* Foundation.framework */,
				6003F58F195388D20070C39A /* CoreGraphics.framework */,
				6003F591195388D20070C39A /* UIKit.framework */,
				6003F5AF195388D20070C39A /* XCTest.framework */,
				C615E55F0E30A0C50E14AA37 /* libPods-RequestTracer.a */,
				1DFEA2D230E886333BF3F9F8 /* libPods-Tests.a */,
				BFF8DA396CD7FFDC55EF8917 /* libPods-OADTracer.a */,
				FD55E7ECA163F41C396AF0A0 /* libPods-OADTracerExample.a */,
				DBBA1AF721EEFC71EB4DD177 /* libPods-OADTracerExampleTests.a */,
			);
			name = Frameworks;
			sourceTree = "<group>";
		};
		6003F593195388D20070C39A /* OADTracer */ = {
			isa = PBXGroup;
			children = (
				6003F59C195388D20070C39A /* OAAppDelegate.h */,
				6003F59D195388D20070C39A /* OAAppDelegate.m */,
				6003F59F195388D20070C39A /* Main_iPhone.storyboard */,
				6003F5A2195388D20070C39A /* Main_iPad.storyboard */,
				6003F5A5195388D20070C39A /* OAViewController.h */,
				6003F5A6195388D20070C39A /* OAViewController.m */,
				6003F5A8195388D20070C39A /* Images.xcassets */,
				6003F594195388D20070C39A /* Supporting Files */,
			);
			path = OADTracer;
			sourceTree = "<group>";
		};
		6003F594195388D20070C39A /* Supporting Files */ = {
			isa = PBXGroup;
			children = (
				6003F595195388D20070C39A /* OADTracerExample-Info.plist */,
				6003F596195388D20070C39A /* InfoPlist.strings */,
				6003F599195388D20070C39A /* main.m */,
				6003F59B195388D20070C39A /* OADTracerExample-Prefix.pch */,
			);
			name = "Supporting Files";
			sourceTree = "<group>";
		};
		60FF7A9C1954A5C5007DD14C /* Podspec Metadata */ = {
			isa = PBXGroup;
			children = (
				A7A0040D1A463BA200FC479A /* OADTracer.podspec */,
				E656161FE1561CEFF89E06AA /* README.md */,
				544F552E6DDC258A584654B0 /* LICENSE */,
			);
			name = "Podspec Metadata";
			sourceTree = "<group>";
		};
		A7A003F81A46382700FC479A /* OADTracerExampleTests */ = {
			isa = PBXGroup;
			children = (
				A7A004071A4638DE00FC479A /* OADTracerSpec.m */,
				A7A003F91A46382700FC479A /* Supporting Files */,
			);
			path = OADTracerExampleTests;
			sourceTree = "<group>";
		};
		A7A003F91A46382700FC479A /* Supporting Files */ = {
			isa = PBXGroup;
			children = (
				A7A003FA1A46382700FC479A /* Info.plist */,
			);
			name = "Supporting Files";
			sourceTree = "<group>";
		};
/* End PBXGroup section */

/* Begin PBXNativeTarget section */
		6003F589195388D20070C39A /* OADTracerExample */ = {
			isa = PBXNativeTarget;
			buildConfigurationList = 6003F5BF195388D20070C39A /* Build configuration list for PBXNativeTarget "OADTracerExample" */;
			buildPhases = (
				D7999CC0AD32C50E4E02E2BA /* Check Pods Manifest.lock */,
				6003F586195388D20070C39A /* Sources */,
				6003F587195388D20070C39A /* Frameworks */,
				6003F588195388D20070C39A /* Resources */,
				D52114E0C6F3416E32AC64DA /* Copy Pods Resources */,
			);
			buildRules = (
			);
			dependencies = (
			);
			name = OADTracerExample;
			productName = RequestTracer;
			productReference = 6003F58A195388D20070C39A /* OADTracerExample.app */;
			productType = "com.apple.product-type.application";
		};
		A7A003F61A46382700FC479A /* OADTracerExampleTests */ = {
			isa = PBXNativeTarget;
			buildConfigurationList = A7A003FF1A46382700FC479A /* Build configuration list for PBXNativeTarget "OADTracerExampleTests" */;
			buildPhases = (
				F3BDCFA1B2496F4CA087CA61 /* Check Pods Manifest.lock */,
				A7A003F31A46382700FC479A /* Sources */,
				A7A003F41A46382700FC479A /* Frameworks */,
				A7A003F51A46382700FC479A /* Resources */,
				C3EFFB9ADB75A2CE217286D7 /* Copy Pods Resources */,
			);
			buildRules = (
			);
			dependencies = (
				A7A003FE1A46382700FC479A /* PBXTargetDependency */,
			);
			name = OADTracerExampleTests;
			productName = OADTracerExampleTests;
			productReference = A7A003F71A46382700FC479A /* OADTracerExampleTests.xctest */;
			productType = "com.apple.product-type.bundle.unit-test";
		};
/* End PBXNativeTarget section */

/* Begin PBXProject section */
		6003F582195388D10070C39A /* Project object */ = {
			isa = PBXProject;
			attributes = {
				CLASSPREFIX = OA;
				LastUpgradeCheck = 0510;
				ORGANIZATIONNAME = "Omar Abdelhafith";
				TargetAttributes = {
					A7A003F61A46382700FC479A = {
						CreatedOnToolsVersion = 6.1.1;
						TestTargetID = 6003F589195388D20070C39A;
					};
				};
			};
			buildConfigurationList = 6003F585195388D10070C39A /* Build configuration list for PBXProject "OADTracerExample" */;
			compatibilityVersion = "Xcode 3.2";
			developmentRegion = English;
			hasScannedForEncodings = 0;
			knownRegions = (
				en,
				Base,
			);
			mainGroup = 6003F581195388D10070C39A;
			productRefGroup = 6003F58B195388D20070C39A /* Products */;
			projectDirPath = "";
			projectRoot = "";
			targets = (
				6003F589195388D20070C39A /* OADTracerExample */,
				A7A003F61A46382700FC479A /* OADTracerExampleTests */,
			);
		};
/* End PBXProject section */

/* Begin PBXResourcesBuildPhase section */
		6003F588195388D20070C39A /* Resources */ = {
			isa = PBXResourcesBuildPhase;
			buildActionMask = 2147483647;
			files = (
				A7A0040E1A465A5800FC479A /* Main_iPhone.storyboard in Resources */,
				A7A0040F1A465A5C00FC479A /* Main_iPad.storyboard in Resources */,
				6003F5A9195388D20070C39A /* Images.xcassets in Resources */,
				6003F598195388D20070C39A /* InfoPlist.strings in Resources */,
			);
			runOnlyForDeploymentPostprocessing = 0;
		};
		A7A003F51A46382700FC479A /* Resources */ = {
			isa = PBXResourcesBuildPhase;
			buildActionMask = 2147483647;
			files = (
				A7A0040C1A4638ED00FC479A /* Pods-OADTracerExampleTests.release.xcconfig in Resources */,
				A7A0040B1A4638ED00FC479A /* Pods-OADTracerExampleTests.debug.xcconfig in Resources */,
			);
			runOnlyForDeploymentPostprocessing = 0;
		};
/* End PBXResourcesBuildPhase section */

/* Begin PBXShellScriptBuildPhase section */
		C3EFFB9ADB75A2CE217286D7 /* Copy Pods Resources */ = {
			isa = PBXShellScriptBuildPhase;
			buildActionMask = 2147483647;
			files = (
			);
			inputPaths = (
			);
			name = "Copy Pods Resources";
			outputPaths = (
			);
			runOnlyForDeploymentPostprocessing = 0;
			shellPath = /bin/sh;
			shellScript = "\"${SRCROOT}/Pods/Target Support Files/Pods-OADTracerExampleTests/Pods-OADTracerExampleTests-resources.sh\"\n";
			showEnvVarsInLog = 0;
		};
		D52114E0C6F3416E32AC64DA /* Copy Pods Resources */ = {
			isa = PBXShellScriptBuildPhase;
			buildActionMask = 2147483647;
			files = (
			);
			inputPaths = (
			);
			name = "Copy Pods Resources";
			outputPaths = (
			);
			runOnlyForDeploymentPostprocessing = 0;
			shellPath = /bin/sh;
			shellScript = "\"${SRCROOT}/Pods/Target Support Files/Pods-OADTracerExample/Pods-OADTracerExample-resources.sh\"\n";
			showEnvVarsInLog = 0;
		};
		D7999CC0AD32C50E4E02E2BA /* Check Pods Manifest.lock */ = {
			isa = PBXShellScriptBuildPhase;
			buildActionMask = 2147483647;
			files = (
			);
			inputPaths = (
			);
			name = "Check Pods Manifest.lock";
			outputPaths = (
			);
			runOnlyForDeploymentPostprocessing = 0;
			shellPath = /bin/sh;
			shellScript = "diff \"${PODS_ROOT}/../Podfile.lock\" \"${PODS_ROOT}/Manifest.lock\" > /dev/null\nif [[ $? != 0 ]] ; then\n    cat << EOM\nerror: The sandbox is not in sync with the Podfile.lock. Run 'pod install' or update your CocoaPods installation.\nEOM\n    exit 1\nfi\n";
			showEnvVarsInLog = 0;
		};
		F3BDCFA1B2496F4CA087CA61 /* Check Pods Manifest.lock */ = {
			isa = PBXShellScriptBuildPhase;
			buildActionMask = 2147483647;
			files = (
			);
			inputPaths = (
			);
			name = "Check Pods Manifest.lock";
			outputPaths = (
			);
			runOnlyForDeploymentPostprocessing = 0;
			shellPath = /bin/sh;
			shellScript = "diff \"${PODS_ROOT}/../Podfile.lock\" \"${PODS_ROOT}/Manifest.lock\" > /dev/null\nif [[ $? != 0 ]] ; then\n    cat << EOM\nerror: The sandbox is not in sync with the Podfile.lock. Run 'pod install' or update your CocoaPods installation.\nEOM\n    exit 1\nfi\n";
			showEnvVarsInLog = 0;
		};
/* End PBXShellScriptBuildPhase section */

/* Begin PBXSourcesBuildPhase section */
		6003F586195388D20070C39A /* Sources */ = {
			isa = PBXSourcesBuildPhase;
			buildActionMask = 2147483647;
			files = (
				6003F59E195388D20070C39A /* OAAppDelegate.m in Sources */,
				6003F5A7195388D20070C39A /* OAViewController.m in Sources */,
				6003F59A195388D20070C39A /* main.m in Sources */,
			);
			runOnlyForDeploymentPostprocessing = 0;
		};
		A7A003F31A46382700FC479A /* Sources */ = {
			isa = PBXSourcesBuildPhase;
			buildActionMask = 2147483647;
			files = (
				A7A004081A4638DE00FC479A /* OADTracerSpec.m in Sources */,
			);
			runOnlyForDeploymentPostprocessing = 0;
		};
/* End PBXSourcesBuildPhase section */

/* Begin PBXTargetDependency section */
		A7A003FE1A46382700FC479A /* PBXTargetDependency */ = {
			isa = PBXTargetDependency;
			target = 6003F589195388D20070C39A /* OADTracerExample */;
			targetProxy = A7A003FD1A46382700FC479A /* PBXContainerItemProxy */;
		};
/* End PBXTargetDependency section */

/* Begin PBXVariantGroup section */
		6003F596195388D20070C39A /* InfoPlist.strings */ = {
			isa = PBXVariantGroup;
			children = (
				6003F597195388D20070C39A /* en */,
			);
			name = InfoPlist.strings;
			sourceTree = "<group>";
		};
		6003F59F195388D20070C39A /* Main_iPhone.storyboard */ = {
			isa = PBXVariantGroup;
			children = (
				6003F5A0195388D20070C39A /* Base */,
			);
			name = Main_iPhone.storyboard;
			sourceTree = "<group>";
		};
		6003F5A2195388D20070C39A /* Main_iPad.storyboard */ = {
			isa = PBXVariantGroup;
			children = (
				6003F5A3195388D20070C39A /* Base */,
			);
			name = Main_iPad.storyboard;
			sourceTree = "<group>";
		};
/* End PBXVariantGroup section */

/* Begin XCBuildConfiguration section */
		6003F5BD195388D20070C39A /* Debug */ = {
			isa = XCBuildConfiguration;
			buildSettings = {
				ALWAYS_SEARCH_USER_PATHS = NO;
				CLANG_CXX_LANGUAGE_STANDARD = "gnu++0x";
				CLANG_CXX_LIBRARY = "libc++";
				CLANG_ENABLE_MODULES = YES;
				CLANG_ENABLE_OBJC_ARC = YES;
				CLANG_WARN_BOOL_CONVERSION = YES;
				CLANG_WARN_CONSTANT_CONVERSION = YES;
				CLANG_WARN_DIRECT_OBJC_ISA_USAGE = YES_ERROR;
				CLANG_WARN_EMPTY_BODY = YES;
				CLANG_WARN_ENUM_CONVERSION = YES;
				CLANG_WARN_INT_CONVERSION = YES;
				CLANG_WARN_OBJC_ROOT_CLASS = YES_ERROR;
				CLANG_WARN__DUPLICATE_METHOD_MATCH = YES;
				"CODE_SIGN_IDENTITY[sdk=iphoneos*]" = "iPhone Developer";
				COPY_PHASE_STRIP = NO;
				GCC_C_LANGUAGE_STANDARD = gnu99;
				GCC_DYNAMIC_NO_PIC = NO;
				GCC_OPTIMIZATION_LEVEL = 0;
				GCC_PREPROCESSOR_DEFINITIONS = (
					"DEBUG=1",
					"$(inherited)",
				);
				GCC_SYMBOLS_PRIVATE_EXTERN = NO;
				GCC_WARN_64_TO_32_BIT_CONVERSION = YES;
				GCC_WARN_ABOUT_RETURN_TYPE = YES_ERROR;
				GCC_WARN_UNDECLARED_SELECTOR = YES;
				GCC_WARN_UNINITIALIZED_AUTOS = YES_AGGRESSIVE;
				GCC_WARN_UNUSED_FUNCTION = YES;
				GCC_WARN_UNUSED_VARIABLE = YES;
				IPHONEOS_DEPLOYMENT_TARGET = 7.1;
				ONLY_ACTIVE_ARCH = YES;
				SDKROOT = iphoneos;
				TARGETED_DEVICE_FAMILY = "1,2";
			};
			name = Debug;
		};
		6003F5BE195388D20070C39A /* Release */ = {
			isa = XCBuildConfiguration;
			buildSettings = {
				ALWAYS_SEARCH_USER_PATHS = NO;
				CLANG_CXX_LANGUAGE_STANDARD = "gnu++0x";
				CLANG_CXX_LIBRARY = "libc++";
				CLANG_ENABLE_MODULES = YES;
				CLANG_ENABLE_OBJC_ARC = YES;
				CLANG_WARN_BOOL_CONVERSION = YES;
				CLANG_WARN_CONSTANT_CONVERSION = YES;
				CLANG_WARN_DIRECT_OBJC_ISA_USAGE = YES_ERROR;
				CLANG_WARN_EMPTY_BODY = YES;
				CLANG_WARN_ENUM_CONVERSION = YES;
				CLANG_WARN_INT_CONVERSION = YES;
				CLANG_WARN_OBJC_ROOT_CLASS = YES_ERROR;
				CLANG_WARN__DUPLICATE_METHOD_MATCH = YES;
				"CODE_SIGN_IDENTITY[sdk=iphoneos*]" = "iPhone Developer";
				COPY_PHASE_STRIP = YES;
				ENABLE_NS_ASSERTIONS = NO;
				GCC_C_LANGUAGE_STANDARD = gnu99;
				GCC_WARN_64_TO_32_BIT_CONVERSION = YES;
				GCC_WARN_ABOUT_RETURN_TYPE = YES_ERROR;
				GCC_WARN_UNDECLARED_SELECTOR = YES;
				GCC_WARN_UNINITIALIZED_AUTOS = YES_AGGRESSIVE;
				GCC_WARN_UNUSED_FUNCTION = YES;
				GCC_WARN_UNUSED_VARIABLE = YES;
				IPHONEOS_DEPLOYMENT_TARGET = 7.1;
				SDKROOT = iphoneos;
				TARGETED_DEVICE_FAMILY = "1,2";
				VALIDATE_PRODUCT = YES;
			};
			name = Release;
		};
		6003F5C0195388D20070C39A /* Debug */ = {
			isa = XCBuildConfiguration;
			baseConfigurationReference = A7A003EF1A4636C100FC479A /* Pods-OADTracerExample.debug.xcconfig */;
			buildSettings = {
				ASSETCATALOG_COMPILER_APPICON_NAME = AppIcon;
				ASSETCATALOG_COMPILER_LAUNCHIMAGE_NAME = LaunchImage;
				GCC_PRECOMPILE_PREFIX_HEADER = YES;
				GCC_PREFIX_HEADER = "OADTracer/OADTracerExample-Prefix.pch";
				INFOPLIST_FILE = "OADTracer/OADTracerExample-Info.plist";
				PRODUCT_NAME = OADTracerExample;
				WRAPPER_EXTENSION = app;
			};
			name = Debug;
		};
		6003F5C1195388D20070C39A /* Release */ = {
			isa = XCBuildConfiguration;
			baseConfigurationReference = A7A003F01A4636C100FC479A /* Pods-OADTracerExample.release.xcconfig */;
			buildSettings = {
				ASSETCATALOG_COMPILER_APPICON_NAME = AppIcon;
				ASSETCATALOG_COMPILER_LAUNCHIMAGE_NAME = LaunchImage;
				GCC_PRECOMPILE_PREFIX_HEADER = YES;
				GCC_PREFIX_HEADER = "OADTracer/OADTracerExample-Prefix.pch";
				INFOPLIST_FILE = "OADTracer/OADTracerExample-Info.plist";
				PRODUCT_NAME = OADTracerExample;
				WRAPPER_EXTENSION = app;
			};
			name = Release;
		};
		A7A004001A46382700FC479A /* Debug */ = {
			isa = XCBuildConfiguration;
			baseConfigurationReference = A7A004091A4638ED00FC479A /* Pods-OADTracerExampleTests.debug.xcconfig */;
			buildSettings = {
				BUNDLE_LOADER = "$(TEST_HOST)";
				CLANG_WARN_UNREACHABLE_CODE = YES;
				ENABLE_STRICT_OBJC_MSGSEND = YES;
				FRAMEWORK_SEARCH_PATHS = (
					"$(SDKROOT)/Developer/Library/Frameworks",
					"$(inherited)",
				);
				GCC_PREPROCESSOR_DEFINITIONS = (
					"DEBUG=1",
					"$(inherited)",
				);
				INFOPLIST_FILE = OADTracerExampleTests/Info.plist;
				IPHONEOS_DEPLOYMENT_TARGET = 8.1;
				LD_RUNPATH_SEARCH_PATHS = "$(inherited) @executable_path/Frameworks @loader_path/Frameworks";
				LIBRARY_SEARCH_PATHS = (
					"$(inherited)",
					"$(PROJECT_DIR)/Pods/build/Debug-iphoneos",
				);
				MTL_ENABLE_DEBUG_INFO = YES;
				PRODUCT_NAME = "$(TARGET_NAME)";
				TEST_HOST = "$(BUILT_PRODUCTS_DIR)/OADTracerExample.app/OADTracerExample";
			};
			name = Debug;
		};
		A7A004011A46382700FC479A /* Release */ = {
			isa = XCBuildConfiguration;
			baseConfigurationReference = A7A0040A1A4638ED00FC479A /* Pods-OADTracerExampleTests.release.xcconfig */;
			buildSettings = {
				BUNDLE_LOADER = "$(TEST_HOST)";
				CLANG_WARN_UNREACHABLE_CODE = YES;
				ENABLE_STRICT_OBJC_MSGSEND = YES;
				FRAMEWORK_SEARCH_PATHS = (
					"$(SDKROOT)/Developer/Library/Frameworks",
					"$(inherited)",
				);
				INFOPLIST_FILE = OADTracerExampleTests/Info.plist;
				IPHONEOS_DEPLOYMENT_TARGET = 8.1;
				LD_RUNPATH_SEARCH_PATHS = "$(inherited) @executable_path/Frameworks @loader_path/Frameworks";
				LIBRARY_SEARCH_PATHS = (
					"$(inherited)",
					"$(PROJECT_DIR)/Pods/build/Debug-iphoneos",
				);
				MTL_ENABLE_DEBUG_INFO = NO;
				PRODUCT_NAME = "$(TARGET_NAME)";
				TEST_HOST = "$(BUILT_PRODUCTS_DIR)/OADTracerExample.app/OADTracerExample";
			};
			name = Release;
		};
/* End XCBuildConfiguration section */

/* Begin XCConfigurationList section */
		6003F585195388D10070C39A /* Build configuration list for PBXProject "OADTracerExample" */ = {
			isa = XCConfigurationList;
			buildConfigurations = (
				6003F5BD195388D20070C39A /* Debug */,
				6003F5BE195388D20070C39A /* Release */,
			);
			defaultConfigurationIsVisible = 0;
			defaultConfigurationName = Release;
		};
		6003F5BF195388D20070C39A /* Build configuration list for PBXNativeTarget "OADTracerExample" */ = {
			isa = XCConfigurationList;
			buildConfigurations = (
				6003F5C0195388D20070C39A /* Debug */,
				6003F5C1195388D20070C39A /* Release */,
			);
			defaultConfigurationIsVisible = 0;
			defaultConfigurationName = Release;
		};
		A7A003FF1A46382700FC479A /* Build configuration list for PBXNativeTarget "OADTracerExampleTests" */ = {
			isa = XCConfigurationList;
			buildConfigurations = (
				A7A004001A46382700FC479A /* Debug */,
				A7A004011A46382700FC479A /* Release */,
			);
			defaultConfigurationIsVisible = 0;
			defaultConfigurationName = Release;
		};
/* End XCConfigurationList section */
	};
	rootObject = 6003F582195388D10070C39A /* Project object */;
}
